
Microsoft Visual Studio Solution File, Format Version 12.00
# Visual Studio Version 16
VisualStudioVersion = 16.0.30907.101
MinimumVisualStudioVersion = 10.0.40219.1
Project("{FAE04EC0-301F-11D3-BF4B-00C04F79EFBC}") = "MyDictionary", "MyDictionary\MyDictionary.csproj", "{A84FCB05-1F1A-4FCA-9ACE-F29B52DB4ADB}"
EndProject
Global
	GlobalSection(SolutionConfigurationPlatforms) = preSolution
		Debug|Any CPU = Debug|Any CPU
		Release|Any CPU = Release|Any CPU
	EndGlobalSection
	GlobalSection(ProjectConfigurationPlatforms) = postSolution
		{A84FCB05-1F1A-4FCA-9ACE-F29B52DB4ADB}.Debug|Any CPU.ActiveCfg = Debug|Any CPU
		{A84FCB05-1F1A-4FCA-9ACE-F29B52DB4ADB}.Debug|Any CPU.Build.0 = Debug|Any CPU
		{A84FCB05-1F1A-4FCA-9ACE-F29B52DB4ADB}.Release|Any CPU.ActiveCfg = Release|Any CPU
		{A84FCB05-1F1A-4FCA-9ACE-F29B52DB4ADB}.Release|Any CPU.Build.0 = Release|Any CPU
	EndGlobalSection
	GlobalSection(SolutionProperties) = preSolution
		HideSolutionNode = FALSE
	EndGlobalSection
	GlobalSection(ExtensibilityGlobals) = postSolution
		SolutionGuid = {38F47BBA-F0F8-4E79-BBD8-FF295C12EF92}
	EndGlobalSection
EndGlobal
